// !$*UTF8*$!
{
	archiveVersion = 1;
	classes = {
	};
	objectVersion = 50;
	objects = {

/* Begin PBXBuildFile section */
		820045A07761F022F72BA35D /* Pods_Circular_Progress.framework in Frameworks */ = {isa = PBXBuildFile; fileRef = DC336440A81DB9A118042C8D /* Pods_Circular_Progress.framework */; };
		D114BB3F2240AF7400745CA2 /* AppDelegate.swift in Sources */ = {isa = PBXBuildFile; fileRef = D114BB3E2240AF7400745CA2 /* AppDelegate.swift */; };
		D114BB412240AF7400745CA2 /* ViewController.swift in Sources */ = {isa = PBXBuildFile; fileRef = D114BB402240AF7400745CA2 /* ViewController.swift */; };
		D114BB442240AF7400745CA2 /* Main.storyboard in Resources */ = {isa = PBXBuildFile; fileRef = D114BB422240AF7400745CA2 /* Main.storyboard */; };
		D114BB462240AF7E00745CA2 /* Assets.xcassets in Resources */ = {isa = PBXBuildFile; fileRef = D114BB452240AF7E00745CA2 /* Assets.xcassets */; };
		D114BB492240AF7E00745CA2 /* LaunchScreen.storyboard in Resources */ = {isa = PBXBuildFile; fileRef = D114BB472240AF7E00745CA2 /* LaunchScreen.storyboard */; };
/* End PBXBuildFile section */

/* Begin PBXFileReference section */
		B7B4C4373CE142774418766C /* Pods-Circular Progress.debug.xcconfig */ = {isa = PBXFileReference; includeInIndex = 1; lastKnownFileType = text.xcconfig; name = "Pods-Circular Progress.debug.xcconfig"; path = "Target Support Files/Pods-Circular Progress/Pods-Circular Progress.debug.xcconfig"; sourceTree = "<group>"; };
		CC2CF209D3D5F56B4A68D449 /* Pods-Circular Progress.release.xcconfig */ = {isa = PBXFileReference; includeInIndex = 1; lastKnownFileType = text.xcconfig; name = "Pods-Circular Progress.release.xcconfig"; path = "Target Support Files/Pods-Circular Progress/Pods-Circular Progress.release.xcconfig"; sourceTree = "<group>"; };
		D114BB3B2240AF7400745CA2 /* Circular Progress.app */ = {isa = PBXFileReference; explicitFileType = wrapper.application; includeInIndex = 0; path = "Circular Progress.app"; sourceTree = BUILT_PRODUCTS_DIR; };
		D114BB3E2240AF7400745CA2 /* AppDelegate.swift */ = {isa = PBXFileReference; lastKnownFileType = sourcecode.swift; path = AppDelegate.swift; sourceTree = "<group>"; };
		D114BB402240AF7400745CA2 /* ViewController.swift */ = {isa = PBXFileReference; lastKnownFileType = sourcecode.swift; path = ViewController.swift; sourceTree = "<group>"; };
		D114BB432240AF7400745CA2 /* Base */ = {isa = PBXFileReference; lastKnownFileType = file.storyboard; name = Base; path = Base.lproj/Main.storyboard; sourceTree = "<group>"; };
		D114BB452240AF7E00745CA2 /* Assets.xcassets */ = {isa = PBXFileReference; lastKnownFileType = folder.assetcatalog; path = Assets.xcassets; sourceTree = "<group>"; };
		D114BB482240AF7E00745CA2 /* Base */ = {isa = PBXFileReference; lastKnownFileType = file.storyboard; name = Base; path = Base.lproj/LaunchScreen.storyboard; sourceTree = "<group>"; };
		D114BB4A2240AF7E00745CA2 /* Info.plist */ = {isa = PBXFileReference; lastKnownFileType = text.plist.xml; path = Info.plist; sourceTree = "<group>"; };
		DC336440A81DB9A118042C8D /* Pods_Circular_Progress.framework */ = {isa = PBXFileReference; explicitFileType = wrapper.framework; includeInIndex = 0; path = Pods_Circular_Progress.framework; sourceTree = BUILT_PRODUCTS_DIR; };
/* End PBXFileReference section */

/* Begin PBXFrameworksBuildPhase section */
		D114BB382240AF7400745CA2 /* Frameworks */ = {
			isa = PBXFrameworksBuildPhase;
			buildActionMask = 2147483647;
			files = (
				820045A07761F022F72BA35D /* Pods_Circular_Progress.framework in Frameworks */,
			);
			runOnlyForDeploymentPostprocessing = 0;
		};
/* End PBXFrameworksBuildPhase section */

/* Begin PBXGroup section */
		0A702517C349C15C374D1E63 /* Frameworks */ = {
			isa = PBXGroup;
			children = (
				DC336440A81DB9A118042C8D /* Pods_Circular_Progress.framework */,
			);
			name = Frameworks;
			sourceTree = "<group>";
		};
		1480120D3DF90E3CD7D7C07B /* Pods */ = {
			isa = PBXGroup;
			children = (
				B7B4C4373CE142774418766C /* Pods-Circular Progress.debug.xcconfig */,
				CC2CF209D3D5F56B4A68D449 /* Pods-Circular Progress.release.xcconfig */,
			);
			name = Pods;
			path = Pods;
			sourceTree = "<group>";
		};
		D114BB322240AF7400745CA2 = {
			isa = PBXGroup;
			children = (
				D114BB3D2240AF7400745CA2 /* Circular Progress */,
				D114BB3C2240AF7400745CA2 /* Products */,
				1480120D3DF90E3CD7D7C07B /* Pods */,
				0A702517C349C15C374D1E63 /* Frameworks */,
			);
			sourceTree = "<group>";
		};
		D114BB3C2240AF7400745CA2 /* Products */ = {
			isa = PBXGroup;
			children = (
				D114BB3B2240AF7400745CA2 /* Circular Progress.app */,
			);
			name = Products;
			sourceTree = "<group>";
		};
		D114BB3D2240AF7400745CA2 /* Circular Progress */ = {
			isa = PBXGroup;
			children = (
				D114BB3E2240AF7400745CA2 /* AppDelegate.swift */,
				D114BB402240AF7400745CA2 /* ViewController.swift */,
				D114BB422240AF7400745CA2 /* Main.storyboard */,
				D114BB452240AF7E00745CA2 /* Assets.xcassets */,
				D114BB472240AF7E00745CA2 /* LaunchScreen.storyboard */,
				D114BB4A2240AF7E00745CA2 /* Info.plist */,
			);
			path = "Circular Progress";
			sourceTree = "<group>";
		};
/* End PBXGroup section */

/* Begin PBXNativeTarget section */
		D114BB3A2240AF7400745CA2 /* Circular Progress */ = {
			isa = PBXNativeTarget;
			buildConfigurationList = D114BB4D2240AF7E00745CA2 /* Build configuration list for PBXNativeTarget "Circular Progress" */;
			buildPhases = (
				0C2C03F8355316691DC6D8FF /* [CP] Check Pods Manifest.lock */,
				D114BB372240AF7400745CA2 /* Sources */,
				D114BB382240AF7400745CA2 /* Frameworks */,
				D114BB392240AF7400745CA2 /* Resources */,
				753E06CEEB4F928447927FCB /* [CP] Embed Pods Frameworks */,
			);
			buildRules = (
			);
			dependencies = (
			);
			name = "Circular Progress";
			productName = "Circular Progress";
			productReference = D114BB3B2240AF7400745CA2 /* Circular Progress.app */;
			productType = "com.apple.product-type.application";
		};
/* End PBXNativeTarget section */

/* Begin PBXProject section */
		D114BB332240AF7400745CA2 /* Project object */ = {
			isa = PBXProject;
			attributes = {
				LastSwiftUpdateCheck = 1010;
				LastUpgradeCheck = 1010;
				ORGANIZATIONNAME = Fluper;
				TargetAttributes = {
					D114BB3A2240AF7400745CA2 = {
						CreatedOnToolsVersion = 10.1;
					};
				};
			};
			buildConfigurationList = D114BB362240AF7400745CA2 /* Build configuration list for PBXProject "Circular Progress" */;
			compatibilityVersion = "Xcode 9.3";
			developmentRegion = en;
			hasScannedForEncodings = 0;
			knownRegions = (
				en,
				Base,
			);
			mainGroup = D114BB322240AF7400745CA2;
			productRefGroup = D114BB3C2240AF7400745CA2 /* Products */;
			projectDirPath = "";
			projectRoot = "";
			targets = (
				D114BB3A2240AF7400745CA2 /* Circular Progress */,
			);
		};
/* End PBXProject section */

/* Begin PBXResourcesBuildPhase section */
		D114BB392240AF7400745CA2 /* Resources */ = {
			isa = PBXResourcesBuildPhase;
			buildActionMask = 2147483647;
			files = (
				D114BB492240AF7E00745CA2 /* LaunchScreen.storyboard in Resources */,
				D114BB462240AF7E00745CA2 /* Assets.xcassets in Resources */,
				D114BB442240AF7400745CA2 /* Main.storyboard in Resources */,
			);
			runOnlyForDeploymentPostprocessing = 0;
		};
/* End PBXResourcesBuildPhase section */

/* Begin PBXShellScriptBuildPhase section */
		0C2C03F8355316691DC6D8FF /* [CP] Check Pods Manifest.lock */ = {
			isa = PBXShellScriptBuildPhase;
			buildActionMask = 2147483647;
			files = (
			);
			inputFileListPaths = (
			);
			inputPaths = (
				"${PODS_PODFILE_DIR_PATH}/Podfile.lock",
				"${PODS_ROOT}/Manifest.lock",
			);
			name = "[CP] Check Pods Manifest.lock";
			outputFileListPaths = (
			);
			outputPaths = (
				"$(DERIVED_FILE_DIR)/Pods-Circular Progress-checkManifestLockResult.txt",
			);
			runOnlyForDeploymentPostprocessing = 0;
			shellPath = /bin/sh;
			shellScript = "diff \"${PODS_PODFILE_DIR_PATH}/Podfile.lock\" \"${PODS_ROOT}/Manifest.lock\" > /dev/null\nif [ $? != 0 ] ; then\n    # print error to STDERR\n    echo \"error: The sandbox is not in sync with the Podfile.lock. Run 'pod install' or update your CocoaPods installation.\" >&2\n    exit 1\nfi\n# This output is used by Xcode 'outputs' to avoid re-running this script phase.\necho \"SUCCESS\" > \"${SCRIPT_OUTPUT_FILE_0}\"\n";
			showEnvVarsInLog = 0;
		};
		753E06CEEB4F928447927FCB /* [CP] Embed Pods Frameworks */ = {
			isa = PBXShellScriptBuildPhase;
			buildActionMask = 2147483647;
			files = (
			);
			inputFileListPaths = (
			);
			inputPaths = (
				"${PODS_ROOT}/Target Support Files/Pods-Circular Progress/Pods-Circular Progress-frameworks.sh",
				"${BUILT_PRODUCTS_DIR}/UICircularProgressRing/UICircularProgressRing.framework",
			);
			name = "[CP] Embed Pods Frameworks";
			outputFileListPaths = (
			);
			outputPaths = (
				"${TARGET_BUILD_DIR}/${FRAMEWORKS_FOLDER_PATH}/UICircularProgressRing.framework",
			);
			runOnlyForDeploymentPostprocessing = 0;
			shellPath = /bin/sh;
			shellScript = "\"${PODS_ROOT}/Target Support Files/Pods-Circular Progress/Pods-Circular Progress-frameworks.sh\"\n";
			showEnvVarsInLog = 0;
		};
/* End PBXShellScriptBuildPhase section */

/* Begin PBXSourcesBuildPhase section */
		D114BB372240AF7400745CA2 /* Sources */ = {
			isa = PBXSourcesBuildPhase;
			buildActionMask = 2147483647;
			files = (
				D114BB412240AF7400745CA2 /* ViewController.swift in Sources */,
				D114BB3F2240AF7400745CA2 /* AppDelegate.swift in Sources */,
			);
			runOnlyForDeploymentPostprocessing = 0;
		};
/* End PBXSourcesBuildPhase section */

/* Begin PBXVariantGroup section */
		D114BB422240AF7400745CA2 /* Main.storyboard */ = {
			isa = PBXVariantGroup;
			children = (
				D114BB432240AF7400745CA2 /* Base */,
			);
			name = Main.storyboard;
			sourceTree = "<group>";
		};
		D114BB472240AF7E00745CA2 /* LaunchScreen.storyboard */ = {
			isa = PBXVariantGroup;
			children = (
				D114BB482240AF7E00745CA2 /* Base */,
			);
			name = LaunchScreen.storyboard;
			sourceTree = "<group>";
		};
/* End PBXVariantGroup section */

/* Begin XCBuildConfiguration section */
		D114BB4B2240AF7E00745CA2 /* Debug */ = {
			isa = XCBuildConfiguration;
			buildSettings = {
				ALWAYS_SEARCH_USER_PATHS = NO;
				CLANG_ANALYZER_NONNULL = YES;
				CLANG_ANALYZER_NUMBER_OBJECT_CONVERSION = YES_AGGRESSIVE;
				CLANG_CXX_LANGUAGE_STANDARD = "gnu++14";
				CLANG_CXX_LIBRARY = "libc++";
				CLANG_ENABLE_MODULES = YES;
				CLANG_ENABLE_OBJC_ARC = YES;
				CLANG_ENABLE_OBJC_WEAK = YES;
				CLANG_WARN_BLOCK_CAPTURE_AUTORELEASING = YES;
				CLANG_WARN_BOOL_CONVERSION = YES;
				CLANG_WARN_COMMA = YES;
				CLANG_WARN_CONSTANT_CONVERSION = YES;
				CLANG_WARN_DEPRECATED_OBJC_IMPLEMENTATIONS = YES;
				CLANG_WARN_DIRECT_OBJC_ISA_USAGE = YES_ERROR;
				CLANG_WARN_DOCUMENTATION_COMMENTS = YES;
				CLANG_WARN_EMPTY_BODY = YES;
				CLANG_WARN_ENUM_CONVERSION = YES;
				CLANG_WARN_INFINITE_RECURSION = YES;
				CLANG_WARN_INT_CONVERSION = YES;
				CLANG_WARN_NON_LITERAL_NULL_CONVERSION = YES;
				CLANG_WARN_OBJC_IMPLICIT_RETAIN_SELF = YES;
				CLANG_WARN_OBJC_LITERAL_CONVERSION = YES;
				CLANG_WARN_OBJC_ROOT_CLASS = YES_ERROR;
				CLANG_WARN_RANGE_LOOP_ANALYSIS = YES;
				CLANG_WARN_STRICT_PROTOTYPES = YES;
				CLANG_WARN_SUSPICIOUS_MOVE = YES;
				CLANG_WARN_UNGUARDED_AVAILABILITY = YES_AGGRESSIVE;
				CLANG_WARN_UNREACHABLE_CODE = YES;
				CLANG_WARN__DUPLICATE_METHOD_MATCH = YES;
				CODE_SIGN_IDENTITY = "iPhone Developer";
				COPY_PHASE_STRIP = NO;
				DEBUG_INFORMATION_FORMAT = dwarf;
				ENABLE_STRICT_OBJC_MSGSEND = YES;
				ENABLE_TESTABILITY = YES;
				GCC_C_LANGUAGE_STANDARD = gnu11;
				GCC_DYNAMIC_NO_PIC = NO;
				GCC_NO_COMMON_BLOCKS = YES;
				GCC_OPTIMIZATION_LEVEL = 0;
				GCC_PREPROCESSOR_DEFINITIONS = (
					"DEBUG=1",
					"$(inherited)",
				);
				GCC_WARN_64_TO_32_BIT_CONVERSION = YES;
				GCC_WARN_ABOUT_RETURN_TYPE = YES_ERROR;
				GCC_WARN_UNDECLARED_SELECTOR = YES;
				GCC_WARN_UNINITIALIZED_AUTOS = YES_AGGRESSIVE;
				GCC_WARN_UNUSED_FUNCTION = YES;
				GCC_WARN_UNUSED_VARIABLE = YES;
				IPHONEOS_DEPLOYMENT_TARGET = 12.1;
				MTL_ENABLE_DEBUG_INFO = INCLUDE_SOURCE;
				MTL_FAST_MATH = YES;
				ONLY_ACTIVE_ARCH = YES;
				SDKROOT = iphoneos;
				SWIFT_ACTIVE_COMPILATION_CONDITIONS = DEBUG;
				SWIFT_OPTIMIZATION_LEVEL = "-Onone";
			};
			name = Debug;
		};
		D114BB4C2240AF7E00745CA2 /* Release */ = {
			isa = XCBuildConfiguration;
			buildSettings = {
				ALWAYS_SEARCH_USER_PATHS = NO;
				CLANG_ANALYZER_NONNULL = YES;
				CLANG_ANALYZER_NUMBER_OBJECT_CONVERSION = YES_AGGRESSIVE;
				CLANG_CXX_LANGUAGE_STANDARD = "gnu++14";
				CLANG_CXX_LIBRARY = "libc++";
				CLANG_ENABLE_MODULES = YES;
				CLANG_ENABLE_OBJC_ARC = YES;
				CLANG_ENABLE_OBJC_WEAK = YES;
				CLANG_WARN_BLOCK_CAPTURE_AUTORELEASING = YES;
				CLANG_WARN_BOOL_CONVERSION = YES;
				CLANG_WARN_COMMA = YES;
				CLANG_WARN_CONSTANT_CONVERSION = YES;
				CLANG_WARN_DEPRECATED_OBJC_IMPLEMENTATIONS = YES;
				CLANG_WARN_DIRECT_OBJC_ISA_USAGE = YES_ERROR;
				CLANG_WARN_DOCUMENTATION_COMMENTS = YES;
				CLANG_WARN_EMPTY_BODY = YES;
				CLANG_WARN_ENUM_CONVERSION = YES;
				CLANG_WARN_INFINITE_RECURSION = YES;
				CLANG_WARN_INT_CONVERSION = YES;
				CLANG_WARN_NON_LITERAL_NULL_CONVERSION = YES;
				CLANG_WARN_OBJC_IMPLICIT_RETAIN_SELF = YES;
				CLANG_WARN_OBJC_LITERAL_CONVERSION = YES;
				CLANG_WARN_OBJC_ROOT_CLASS = YES_ERROR;
				CLANG_WARN_RANGE_LOOP_ANALYSIS = YES;
				CLANG_WARN_STRICT_PROTOTYPES = YES;
				CLANG_WARN_SUSPICIOUS_MOVE = YES;
				CLANG_WARN_UNGUARDED_AVAILABILITY = YES_AGGRESSIVE;
				CLANG_WARN_UNREACHABLE_CODE = YES;
				CLANG_WARN__DUPLICATE_METHOD_MATCH = YES;
				CODE_SIGN_IDENTITY = "iPhone Developer";
				COPY_PHASE_STRIP = NO;
				DEBUG_INFORMATION_FORMAT = "dwarf-with-dsym";
				ENABLE_NS_ASSERTIONS = NO;
				ENABLE_STRICT_OBJC_MSGSEND = YES;
				GCC_C_LANGUAGE_STANDARD = gnu11;
				GCC_NO_COMMON_BLOCKS = YES;
				GCC_WARN_64_TO_32_BIT_CONVERSION = YES;
				GCC_WARN_ABOUT_RETURN_TYPE = YES_ERROR;
				GCC_WARN_UNDECLARED_SELECTOR = YES;
				GCC_WARN_UNINITIALIZED_AUTOS = YES_AGGRESSIVE;
				GCC_WARN_UNUSED_FUNCTION = YES;
				GCC_WARN_UNUSED_VARIABLE = YES;
				IPHONEOS_DEPLOYMENT_TARGET = 12.1;
				MTL_ENABLE_DEBUG_INFO = NO;
				MTL_FAST_MATH = YES;
				SDKROOT = iphoneos;
				SWIFT_COMPILATION_MODE = wholemodule;
				SWIFT_OPTIMIZATION_LEVEL = "-O";
				VALIDATE_PRODUCT = YES;
			};
			name = Release;
		};
		D114BB4E2240AF7E00745CA2 /* Debug */ = {
			isa = XCBuildConfiguration;
			baseConfigurationReference = B7B4C4373CE142774418766C /* Pods-Circular Progress.debug.xcconfig */;
			buildSettings = {
				ASSETCATALOG_COMPILER_APPICON_NAME = AppIcon;
				CODE_SIGN_STYLE = Automatic;
				DEVELOPMENT_TEAM = NVYWN9687X;
				INFOPLIST_FILE = "Circular Progress/Info.plist";
				LD_RUNPATH_SEARCH_PATHS = (
					"$(inherited)",
					"@executable_path/Frameworks",
				);
				PRODUCT_BUNDLE_IDENTIFIER = "com.fluper.Circular-Progress";
				PRODUCT_NAME = "$(TARGET_NAME)";
				SWIFT_VERSION = 4.2;
				TARGETED_DEVICE_FAMILY = "1,2";
			};
			name = Debug;
		};
		D114BB4F2240AF7E00745CA2 /* Release */ = {
			isa = XCBuildConfiguration;
			baseConfigurationReference = CC2CF209D3D5F56B4A68D449 /* Pods-Circular Progress.release.xcconfig */;
			buildSettings = {
				ASSETCATALOG_COMPILER_APPICON_NAME = AppIcon;
				CODE_SIGN_STYLE = Automatic;
				DEVELOPMENT_TEAM = NVYWN9687X;
				INFOPLIST_FILE = "Circular Progress/Info.plist";
				LD_RUNPATH_SEARCH_PATHS = (
					"$(inherited)",
					"@executable_path/Frameworks",
				);
				PRODUCT_BUNDLE_IDENTIFIER = "com.fluper.Circular-Progress";
				PRODUCT_NAME = "$(TARGET_NAME)";
				SWIFT_VERSION = 4.2;
				TARGETED_DEVICE_FAMILY = "1,2";
			};
			name = Release;
		};
/* End XCBuildConfiguration section */

/* Begin XCConfigurationList section */
		D114BB362240AF7400745CA2 /* Build configuration list for PBXProject "Circular Progress" */ = {
			isa = XCConfigurationList;
			buildConfigurations = (
				D114BB4B2240AF7E00745CA2 /* Debug */,
				D114BB4C2240AF7E00745CA2 /* Release */,
			);
			defaultConfigurationIsVisible = 0;
			defaultConfigurationName = Release;
		};
		D114BB4D2240AF7E00745CA2 /* Build configuration list for PBXNativeTarget "Circular Progress" */ = {
			isa = XCConfigurationList;
			buildConfigurations = (
				D114BB4E2240AF7E00745CA2 /* Debug */,
				D114BB4F2240AF7E00745CA2 /* Release */,
			);
			defaultConfigurationIsVisible = 0;
			defaultConfigurationName = Release;
		};
/* End XCConfigurationList section */
	};
	rootObject = D114BB332240AF7400745CA2 /* Project object */;
}
